
Microsoft Visual Studio Solution File, Format Version 12.00
# Visual Studio Version 17
VisualStudioVersion = 17.4.33213.308
MinimumVisualStudioVersion = 10.0.40219.1
Project("{9A19103F-16F7-4668-BE54-9A1E7A4F7556}") = "LPK.ShopEcommerce.Domain", "src\LPK.ShopEcommerce.Domain\LPK.ShopEcommerce.Domain.csproj", "{554AD327-6DBA-4F8F-96F8-81CE7A0C863F}"
EndProject
Project("{9A19103F-16F7-4668-BE54-9A1E7A4F7556}") = "LPK.ShopEcommerce.Application", "src\LPK.ShopEcommerce.Application\LPK.ShopEcommerce.Application.csproj", "{1A94A50E-06DC-43C1-80B5-B662820EC3EB}"
EndProject
Project("{9A19103F-16F7-4668-BE54-9A1E7A4F7556}") = "LPK.ShopEcommerce.EntityFrameworkCore", "src\LPK.ShopEcommerce.EntityFrameworkCore\LPK.ShopEcommerce.EntityFrameworkCore.csproj", "{C956DD76-69C8-4A9C-83EA-D17DF83340FD}"
EndProject
Project("{2150E333-8FDC-42A3-9474-1A3956D46DE8}") = "src", "src", "{CA9AC87F-097E-4F15-8393-4BC07735A5B0}"
EndProject
Project("{2150E333-8FDC-42A3-9474-1A3956D46DE8}") = "test", "test", "{04DBDB01-70F4-4E06-B468-8F87850B22BE}"
EndProject
Project("{9A19103F-16F7-4668-BE54-9A1E7A4F7556}") = "LPK.ShopEcommerce.Application.Tests", "test\LPK.ShopEcommerce.Application.Tests\LPK.ShopEcommerce.Application.Tests.csproj", "{50B2631D-129C-47B3-A587-029CCD6099BC}"
EndProject
Project("{9A19103F-16F7-4668-BE54-9A1E7A4F7556}") = "LPK.ShopEcommerce.Domain.Shared", "src\LPK.ShopEcommerce.Domain.Shared\LPK.ShopEcommerce.Domain.Shared.csproj", "{42F719ED-8413-4895-B5B4-5AB56079BC66}"
EndProject
Project("{9A19103F-16F7-4668-BE54-9A1E7A4F7556}") = "LPK.ShopEcommerce.Application.Contracts", "src\LPK.ShopEcommerce.Application.Contracts\LPK.ShopEcommerce.Application.Contracts.csproj", "{520659C8-C734-4298-A3DA-B539DB9DFC0B}"
EndProject
Project("{9A19103F-16F7-4668-BE54-9A1E7A4F7556}") = "LPK.ShopEcommerce.HttpApi", "src\LPK.ShopEcommerce.HttpApi\LPK.ShopEcommerce.HttpApi.csproj", "{4164BDF7-F527-4E85-9CE6-E3C2D7426A27}"
EndProject
Project("{9A19103F-16F7-4668-BE54-9A1E7A4F7556}") = "LPK.ShopEcommerce.HttpApi.Client", "src\LPK.ShopEcommerce.HttpApi.Client\LPK.ShopEcommerce.HttpApi.Client.csproj", "{3B5A0094-670D-4BB1-BFDD-61B88A8773DC}"
EndProject
Project("{9A19103F-16F7-4668-BE54-9A1E7A4F7556}") = "LPK.ShopEcommerce.EntityFrameworkCore.Tests", "test\LPK.ShopEcommerce.EntityFrameworkCore.Tests\LPK.ShopEcommerce.EntityFrameworkCore.Tests.csproj", "{1FE30EB9-74A9-47F5-A9F6-7B1FAB672D81}"
EndProject
Project("{9A19103F-16F7-4668-BE54-9A1E7A4F7556}") = "LPK.ShopEcommerce.TestBase", "test\LPK.ShopEcommerce.TestBase\LPK.ShopEcommerce.TestBase.csproj", "{91853F21-9CD9-4132-BC29-A7D5D84FFFE7}"
EndProject
Project("{9A19103F-16F7-4668-BE54-9A1E7A4F7556}") = "LPK.ShopEcommerce.Domain.Tests", "test\LPK.ShopEcommerce.Domain.Tests\LPK.ShopEcommerce.Domain.Tests.csproj", "{E512F4D9-9375-480F-A2F6-A46509F9D824}"
EndProject
Project("{9A19103F-16F7-4668-BE54-9A1E7A4F7556}") = "LPK.ShopEcommerce.HttpApi.Client.ConsoleTestApp", "test\LPK.ShopEcommerce.HttpApi.Client.ConsoleTestApp\LPK.ShopEcommerce.HttpApi.Client.ConsoleTestApp.csproj", "{EF480016-9127-4916-8735-D2466BDBC582}"
EndProject
Project("{9A19103F-16F7-4668-BE54-9A1E7A4F7556}") = "LPK.ShopEcommerce.DbMigrator", "src\LPK.ShopEcommerce.DbMigrator\LPK.ShopEcommerce.DbMigrator.csproj", "{AA94D832-1CCC-4715-95A9-A483F23A1A5D}"
EndProject
Project("{9A19103F-16F7-4668-BE54-9A1E7A4F7556}") = "LPK.ShopEcommerce.HttpApi.Host", "src\LPK.ShopEcommerce.HttpApi.Host\LPK.ShopEcommerce.HttpApi.Host.csproj", "{748584B1-BA69-4F6A-81AA-F4BDE6BCE29D}"
EndProject
Project("{2150E333-8FDC-42A3-9474-1A3956D46DE8}") = "admin", "admin", "{8508FA31-8F3C-4499-AC57-0852FE26BF7C}"
EndProject
Project("{2150E333-8FDC-42A3-9474-1A3956D46DE8}") = "auth", "auth", "{027E07D7-4D8D-4969-9621-7F34D956F072}"
EndProject
Project("{2150E333-8FDC-42A3-9474-1A3956D46DE8}") = "common", "common", "{1A5312C3-A906-4198-9422-27C39E9574E3}"
EndProject
Project("{2150E333-8FDC-42A3-9474-1A3956D46DE8}") = "domain", "domain", "{8E4A5D66-915D-432E-A314-539C6FDE46A0}"
EndProject
Project("{2150E333-8FDC-42A3-9474-1A3956D46DE8}") = "infrastructure", "infrastructure", "{D2716636-518F-4977-BFCB-5473E546F68D}"
EndProject
Project("{2150E333-8FDC-42A3-9474-1A3956D46DE8}") = "public", "public", "{4FA0229E-1F9C-45CA-B16E-D2AD699E623C}"
EndProject
Project("{9A19103F-16F7-4668-BE54-9A1E7A4F7556}") = "LPK.ShopEcommerce.Admin.Application", "src\LPK.ShopEcommerce.Admin.Application\LPK.ShopEcommerce.Admin.Application.csproj", "{00ECEA3E-C620-45C6-A8FC-EA6783EECC3B}"
EndProject
Project("{9A19103F-16F7-4668-BE54-9A1E7A4F7556}") = "LPK.ShopEcommerce.Admin.Application.Contracts", "src\LPK.ShopEcommerce.Admin.Application.Contracts\LPK.ShopEcommerce.Admin.Application.Contracts.csproj", "{A54C8398-9C27-413A-B330-4356FA3099CC}"
EndProject
Project("{9A19103F-16F7-4668-BE54-9A1E7A4F7556}") = "LPK.ShopEcommerce.Admin.HttpApi", "src\LPK.ShopEcommerce.Admin.HttpApi\LPK.ShopEcommerce.Admin.HttpApi.csproj", "{38E9BE2C-6CC8-4F24-8212-4DE06AB3FF8B}"
EndProject
Project("{9A19103F-16F7-4668-BE54-9A1E7A4F7556}") = "LPK.ShopEcommerce.Admin.HttpApi.Client", "src\LPK.ShopEcommerce.Admin.HttpApi.Client\LPK.ShopEcommerce.Admin.HttpApi.Client.csproj", "{E25C1C62-1744-4F79-8E28-80711D433146}"
EndProject
Project("{9A19103F-16F7-4668-BE54-9A1E7A4F7556}") = "LPK.ShopEcommerce.Admin.HttpApi.Host", "src\LPK.ShopEcommerce.Admin.HttpApi.Host\LPK.ShopEcommerce.Admin.HttpApi.Host.csproj", "{8FF84209-FE23-457D-A292-C21BAE6BBFF6}"
EndProject
Project("{2150E333-8FDC-42A3-9474-1A3956D46DE8}") = "admin", "admin", "{BA31DE5D-A970-4CC7-8264-1A8F21671107}"
EndProject
Project("{2150E333-8FDC-42A3-9474-1A3956D46DE8}") = "public", "public", "{46AB51D9-24D4-461B-8B89-80F8E89E5DC5}"
EndProject
Project("{2150E333-8FDC-42A3-9474-1A3956D46DE8}") = "share", "share", "{6731BD0C-375E-4A54-AB1E-BFC8C9FCF60F}"
EndProject
Project("{9A19103F-16F7-4668-BE54-9A1E7A4F7556}") = "LPK.ShopEcommerce.Admin.Application.Tests", "test\LPK.ShopEcommerce.Admin.Application.Tests\LPK.ShopEcommerce.Admin.Application.Tests.csproj", "{645C0ACB-C657-43B7-9FBA-C19EFE88134B}"
EndProject
Project("{9A19103F-16F7-4668-BE54-9A1E7A4F7556}") = "LPK.ShopEcommerce.Admin.Domain.Tests", "test\LPK.ShopEcommerce.Admin.Domain.Tests\LPK.ShopEcommerce.Admin.Domain.Tests.csproj", "{CD49C479-B9B8-46AF-BD29-368E0325FA91}"
EndProject
Project("{9A19103F-16F7-4668-BE54-9A1E7A4F7556}") = "ShopEcommerce.AuthServer", "src\LPK.ShopEcommerce.AuthServer\ShopEcommerce.AuthServer.csproj", "{BAE9095F-FFF3-48F9-A95F-07C9475CD292}"
EndProject
Global
	GlobalSection(SolutionConfigurationPlatforms) = preSolution
		Debug|Any CPU = Debug|Any CPU
		Release|Any CPU = Release|Any CPU
	EndGlobalSection
	GlobalSection(ProjectConfigurationPlatforms) = postSolution
		{554AD327-6DBA-4F8F-96F8-81CE7A0C863F}.Debug|Any CPU.ActiveCfg = Debug|Any CPU
		{554AD327-6DBA-4F8F-96F8-81CE7A0C863F}.Debug|Any CPU.Build.0 = Debug|Any CPU
		{554AD327-6DBA-4F8F-96F8-81CE7A0C863F}.Release|Any CPU.ActiveCfg = Release|Any CPU
		{554AD327-6DBA-4F8F-96F8-81CE7A0C863F}.Release|Any CPU.Build.0 = Release|Any CPU
		{1A94A50E-06DC-43C1-80B5-B662820EC3EB}.Debug|Any CPU.ActiveCfg = Debug|Any CPU
		{1A94A50E-06DC-43C1-80B5-B662820EC3EB}.Debug|Any CPU.Build.0 = Debug|Any CPU
		{1A94A50E-06DC-43C1-80B5-B662820EC3EB}.Release|Any CPU.ActiveCfg = Release|Any CPU
		{1A94A50E-06DC-43C1-80B5-B662820EC3EB}.Release|Any CPU.Build.0 = Release|Any CPU
		{C956DD76-69C8-4A9C-83EA-D17DF83340FD}.Debug|Any CPU.ActiveCfg = Debug|Any CPU
		{C956DD76-69C8-4A9C-83EA-D17DF83340FD}.Debug|Any CPU.Build.0 = Debug|Any CPU
		{C956DD76-69C8-4A9C-83EA-D17DF83340FD}.Release|Any CPU.ActiveCfg = Release|Any CPU
		{C956DD76-69C8-4A9C-83EA-D17DF83340FD}.Release|Any CPU.Build.0 = Release|Any CPU
		{50B2631D-129C-47B3-A587-029CCD6099BC}.Debug|Any CPU.ActiveCfg = Debug|Any CPU
		{50B2631D-129C-47B3-A587-029CCD6099BC}.Debug|Any CPU.Build.0 = Debug|Any CPU
		{50B2631D-129C-47B3-A587-029CCD6099BC}.Release|Any CPU.ActiveCfg = Release|Any CPU
		{50B2631D-129C-47B3-A587-029CCD6099BC}.Release|Any CPU.Build.0 = Release|Any CPU
		{42F719ED-8413-4895-B5B4-5AB56079BC66}.Debug|Any CPU.ActiveCfg = Debug|Any CPU
		{42F719ED-8413-4895-B5B4-5AB56079BC66}.Debug|Any CPU.Build.0 = Debug|Any CPU
		{42F719ED-8413-4895-B5B4-5AB56079BC66}.Release|Any CPU.ActiveCfg = Release|Any CPU
		{42F719ED-8413-4895-B5B4-5AB56079BC66}.Release|Any CPU.Build.0 = Release|Any CPU
		{520659C8-C734-4298-A3DA-B539DB9DFC0B}.Debug|Any CPU.ActiveCfg = Debug|Any CPU
		{520659C8-C734-4298-A3DA-B539DB9DFC0B}.Debug|Any CPU.Build.0 = Debug|Any CPU
		{520659C8-C734-4298-A3DA-B539DB9DFC0B}.Release|Any CPU.ActiveCfg = Release|Any CPU
		{520659C8-C734-4298-A3DA-B539DB9DFC0B}.Release|Any CPU.Build.0 = Release|Any CPU
		{4164BDF7-F527-4E85-9CE6-E3C2D7426A27}.Debug|Any CPU.ActiveCfg = Debug|Any CPU
		{4164BDF7-F527-4E85-9CE6-E3C2D7426A27}.Debug|Any CPU.Build.0 = Debug|Any CPU
		{4164BDF7-F527-4E85-9CE6-E3C2D7426A27}.Release|Any CPU.ActiveCfg = Release|Any CPU
		{4164BDF7-F527-4E85-9CE6-E3C2D7426A27}.Release|Any CPU.Build.0 = Release|Any CPU
		{3B5A0094-670D-4BB1-BFDD-61B88A8773DC}.Debug|Any CPU.ActiveCfg = Debug|Any CPU
		{3B5A0094-670D-4BB1-BFDD-61B88A8773DC}.Debug|Any CPU.Build.0 = Debug|Any CPU
		{3B5A0094-670D-4BB1-BFDD-61B88A8773DC}.Release|Any CPU.ActiveCfg = Release|Any CPU
		{3B5A0094-670D-4BB1-BFDD-61B88A8773DC}.Release|Any CPU.Build.0 = Release|Any CPU
		{1FE30EB9-74A9-47F5-A9F6-7B1FAB672D81}.Debug|Any CPU.ActiveCfg = Debug|Any CPU
		{1FE30EB9-74A9-47F5-A9F6-7B1FAB672D81}.Debug|Any CPU.Build.0 = Debug|Any CPU
		{1FE30EB9-74A9-47F5-A9F6-7B1FAB672D81}.Release|Any CPU.ActiveCfg = Release|Any CPU
		{1FE30EB9-74A9-47F5-A9F6-7B1FAB672D81}.Release|Any CPU.Build.0 = Release|Any CPU
		{91853F21-9CD9-4132-BC29-A7D5D84FFFE7}.Debug|Any CPU.ActiveCfg = Debug|Any CPU
		{91853F21-9CD9-4132-BC29-A7D5D84FFFE7}.Debug|Any CPU.Build.0 = Debug|Any CPU
		{91853F21-9CD9-4132-BC29-A7D5D84FFFE7}.Release|Any CPU.ActiveCfg = Release|Any CPU
		{91853F21-9CD9-4132-BC29-A7D5D84FFFE7}.Release|Any CPU.Build.0 = Release|Any CPU
		{E512F4D9-9375-480F-A2F6-A46509F9D824}.Debug|Any CPU.ActiveCfg = Debug|Any CPU
		{E512F4D9-9375-480F-A2F6-A46509F9D824}.Debug|Any CPU.Build.0 = Debug|Any CPU
		{E512F4D9-9375-480F-A2F6-A46509F9D824}.Release|Any CPU.ActiveCfg = Release|Any CPU
		{E512F4D9-9375-480F-A2F6-A46509F9D824}.Release|Any CPU.Build.0 = Release|Any CPU
		{EF480016-9127-4916-8735-D2466BDBC582}.Debug|Any CPU.ActiveCfg = Debug|Any CPU
		{EF480016-9127-4916-8735-D2466BDBC582}.Debug|Any CPU.Build.0 = Debug|Any CPU
		{EF480016-9127-4916-8735-D2466BDBC582}.Release|Any CPU.ActiveCfg = Release|Any CPU
		{EF480016-9127-4916-8735-D2466BDBC582}.Release|Any CPU.Build.0 = Release|Any CPU
		{AA94D832-1CCC-4715-95A9-A483F23A1A5D}.Debug|Any CPU.ActiveCfg = Debug|Any CPU
		{AA94D832-1CCC-4715-95A9-A483F23A1A5D}.Debug|Any CPU.Build.0 = Debug|Any CPU
		{AA94D832-1CCC-4715-95A9-A483F23A1A5D}.Release|Any CPU.ActiveCfg = Release|Any CPU
		{AA94D832-1CCC-4715-95A9-A483F23A1A5D}.Release|Any CPU.Build.0 = Release|Any CPU
		{748584B1-BA69-4F6A-81AA-F4BDE6BCE29D}.Debug|Any CPU.ActiveCfg = Debug|Any CPU
		{748584B1-BA69-4F6A-81AA-F4BDE6BCE29D}.Debug|Any CPU.Build.0 = Debug|Any CPU
		{748584B1-BA69-4F6A-81AA-F4BDE6BCE29D}.Release|Any CPU.ActiveCfg = Release|Any CPU
		{748584B1-BA69-4F6A-81AA-F4BDE6BCE29D}.Release|Any CPU.Build.0 = Release|Any CPU
		{00ECEA3E-C620-45C6-A8FC-EA6783EECC3B}.Debug|Any CPU.ActiveCfg = Debug|Any CPU
		{00ECEA3E-C620-45C6-A8FC-EA6783EECC3B}.Debug|Any CPU.Build.0 = Debug|Any CPU
		{00ECEA3E-C620-45C6-A8FC-EA6783EECC3B}.Release|Any CPU.ActiveCfg = Release|Any CPU
		{00ECEA3E-C620-45C6-A8FC-EA6783EECC3B}.Release|Any CPU.Build.0 = Release|Any CPU
		{A54C8398-9C27-413A-B330-4356FA3099CC}.Debug|Any CPU.ActiveCfg = Debug|Any CPU
		{A54C8398-9C27-413A-B330-4356FA3099CC}.Debug|Any CPU.Build.0 = Debug|Any CPU
		{A54C8398-9C27-413A-B330-4356FA3099CC}.Release|Any CPU.ActiveCfg = Release|Any CPU
		{A54C8398-9C27-413A-B330-4356FA3099CC}.Release|Any CPU.Build.0 = Release|Any CPU
		{38E9BE2C-6CC8-4F24-8212-4DE06AB3FF8B}.Debug|Any CPU.ActiveCfg = Debug|Any CPU
		{38E9BE2C-6CC8-4F24-8212-4DE06AB3FF8B}.Debug|Any CPU.Build.0 = Debug|Any CPU
		{38E9BE2C-6CC8-4F24-8212-4DE06AB3FF8B}.Release|Any CPU.ActiveCfg = Release|Any CPU
		{38E9BE2C-6CC8-4F24-8212-4DE06AB3FF8B}.Release|Any CPU.Build.0 = Release|Any CPU
		{E25C1C62-1744-4F79-8E28-80711D433146}.Debug|Any CPU.ActiveCfg = Debug|Any CPU
		{E25C1C62-1744-4F79-8E28-80711D433146}.Debug|Any CPU.Build.0 = Debug|Any CPU
		{E25C1C62-1744-4F79-8E28-80711D433146}.Release|Any CPU.ActiveCfg = Release|Any CPU
		{E25C1C62-1744-4F79-8E28-80711D433146}.Release|Any CPU.Build.0 = Release|Any CPU
		{8FF84209-FE23-457D-A292-C21BAE6BBFF6}.Debug|Any CPU.ActiveCfg = Debug|Any CPU
		{8FF84209-FE23-457D-A292-C21BAE6BBFF6}.Debug|Any CPU.Build.0 = Debug|Any CPU
		{8FF84209-FE23-457D-A292-C21BAE6BBFF6}.Release|Any CPU.ActiveCfg = Release|Any CPU
		{8FF84209-FE23-457D-A292-C21BAE6BBFF6}.Release|Any CPU.Build.0 = Release|Any CPU
		{645C0ACB-C657-43B7-9FBA-C19EFE88134B}.Debug|Any CPU.ActiveCfg = Debug|Any CPU
		{645C0ACB-C657-43B7-9FBA-C19EFE88134B}.Debug|Any CPU.Build.0 = Debug|Any CPU
		{645C0ACB-C657-43B7-9FBA-C19EFE88134B}.Release|Any CPU.ActiveCfg = Release|Any CPU
		{645C0ACB-C657-43B7-9FBA-C19EFE88134B}.Release|Any CPU.Build.0 = Release|Any CPU
		{CD49C479-B9B8-46AF-BD29-368E0325FA91}.Debug|Any CPU.ActiveCfg = Debug|Any CPU
		{CD49C479-B9B8-46AF-BD29-368E0325FA91}.Debug|Any CPU.Build.0 = Debug|Any CPU
		{CD49C479-B9B8-46AF-BD29-368E0325FA91}.Release|Any CPU.ActiveCfg = Release|Any CPU
		{CD49C479-B9B8-46AF-BD29-368E0325FA91}.Release|Any CPU.Build.0 = Release|Any CPU
		{BAE9095F-FFF3-48F9-A95F-07C9475CD292}.Debug|Any CPU.ActiveCfg = Debug|Any CPU
		{BAE9095F-FFF3-48F9-A95F-07C9475CD292}.Debug|Any CPU.Build.0 = Debug|Any CPU
		{BAE9095F-FFF3-48F9-A95F-07C9475CD292}.Release|Any CPU.ActiveCfg = Release|Any CPU
		{BAE9095F-FFF3-48F9-A95F-07C9475CD292}.Release|Any CPU.Build.0 = Release|Any CPU
	EndGlobalSection
	GlobalSection(SolutionProperties) = preSolution
		HideSolutionNode = FALSE
	EndGlobalSection
	GlobalSection(NestedProjects) = preSolution
		{554AD327-6DBA-4F8F-96F8-81CE7A0C863F} = {8E4A5D66-915D-432E-A314-539C6FDE46A0}
		{1A94A50E-06DC-43C1-80B5-B662820EC3EB} = {4FA0229E-1F9C-45CA-B16E-D2AD699E623C}
		{C956DD76-69C8-4A9C-83EA-D17DF83340FD} = {D2716636-518F-4977-BFCB-5473E546F68D}
		{50B2631D-129C-47B3-A587-029CCD6099BC} = {46AB51D9-24D4-461B-8B89-80F8E89E5DC5}
		{42F719ED-8413-4895-B5B4-5AB56079BC66} = {8E4A5D66-915D-432E-A314-539C6FDE46A0}
		{520659C8-C734-4298-A3DA-B539DB9DFC0B} = {4FA0229E-1F9C-45CA-B16E-D2AD699E623C}
		{4164BDF7-F527-4E85-9CE6-E3C2D7426A27} = {4FA0229E-1F9C-45CA-B16E-D2AD699E623C}
		{3B5A0094-670D-4BB1-BFDD-61B88A8773DC} = {4FA0229E-1F9C-45CA-B16E-D2AD699E623C}
		{1FE30EB9-74A9-47F5-A9F6-7B1FAB672D81} = {6731BD0C-375E-4A54-AB1E-BFC8C9FCF60F}
		{91853F21-9CD9-4132-BC29-A7D5D84FFFE7} = {6731BD0C-375E-4A54-AB1E-BFC8C9FCF60F}
		{E512F4D9-9375-480F-A2F6-A46509F9D824} = {46AB51D9-24D4-461B-8B89-80F8E89E5DC5}
		{EF480016-9127-4916-8735-D2466BDBC582} = {6731BD0C-375E-4A54-AB1E-BFC8C9FCF60F}
		{AA94D832-1CCC-4715-95A9-A483F23A1A5D} = {D2716636-518F-4977-BFCB-5473E546F68D}
		{748584B1-BA69-4F6A-81AA-F4BDE6BCE29D} = {4FA0229E-1F9C-45CA-B16E-D2AD699E623C}
		{8508FA31-8F3C-4499-AC57-0852FE26BF7C} = {CA9AC87F-097E-4F15-8393-4BC07735A5B0}
		{027E07D7-4D8D-4969-9621-7F34D956F072} = {CA9AC87F-097E-4F15-8393-4BC07735A5B0}
		{1A5312C3-A906-4198-9422-27C39E9574E3} = {CA9AC87F-097E-4F15-8393-4BC07735A5B0}
		{8E4A5D66-915D-432E-A314-539C6FDE46A0} = {1A5312C3-A906-4198-9422-27C39E9574E3}
		{D2716636-518F-4977-BFCB-5473E546F68D} = {1A5312C3-A906-4198-9422-27C39E9574E3}
		{4FA0229E-1F9C-45CA-B16E-D2AD699E623C} = {CA9AC87F-097E-4F15-8393-4BC07735A5B0}
		{00ECEA3E-C620-45C6-A8FC-EA6783EECC3B} = {8508FA31-8F3C-4499-AC57-0852FE26BF7C}
		{A54C8398-9C27-413A-B330-4356FA3099CC} = {8508FA31-8F3C-4499-AC57-0852FE26BF7C}
		{38E9BE2C-6CC8-4F24-8212-4DE06AB3FF8B} = {8508FA31-8F3C-4499-AC57-0852FE26BF7C}
		{E25C1C62-1744-4F79-8E28-80711D433146} = {8508FA31-8F3C-4499-AC57-0852FE26BF7C}
		{8FF84209-FE23-457D-A292-C21BAE6BBFF6} = {8508FA31-8F3C-4499-AC57-0852FE26BF7C}
		{BA31DE5D-A970-4CC7-8264-1A8F21671107} = {04DBDB01-70F4-4E06-B468-8F87850B22BE}
		{46AB51D9-24D4-461B-8B89-80F8E89E5DC5} = {04DBDB01-70F4-4E06-B468-8F87850B22BE}
		{6731BD0C-375E-4A54-AB1E-BFC8C9FCF60F} = {04DBDB01-70F4-4E06-B468-8F87850B22BE}
		{645C0ACB-C657-43B7-9FBA-C19EFE88134B} = {BA31DE5D-A970-4CC7-8264-1A8F21671107}
		{CD49C479-B9B8-46AF-BD29-368E0325FA91} = {BA31DE5D-A970-4CC7-8264-1A8F21671107}
		{BAE9095F-FFF3-48F9-A95F-07C9475CD292} = {027E07D7-4D8D-4969-9621-7F34D956F072}
	EndGlobalSection
	GlobalSection(ExtensibilityGlobals) = postSolution
		SolutionGuid = {28315BFD-90E7-4E14-A2EA-F3D23AF4126F}
	EndGlobalSection
EndGlobal
